
Microsoft Visual Studio Solution File, Format Version 12.00
# Visual Studio Version 17
VisualStudioVersion = 17.8.34525.116
MinimumVisualStudioVersion = 10.0.40219.1
Project("{2150E333-8FDC-42A3-9474-1A3956D46DE8}") = "4-Infra", "4-Infra", "{8BB3BF6E-94F5-4E5E-82F1-1310E08D7940}"
EndProject
Project("{2150E333-8FDC-42A3-9474-1A3956D46DE8}") = "3-Domain", "3-Domain", "{F0660D91-1FE3-4815-8D40-BC6E9B7024AA}"
EndProject
Project("{2150E333-8FDC-42A3-9474-1A3956D46DE8}") = "2-Application", "2-Application", "{E82F113E-9F99-49E9-B0ED-5347403D0797}"
EndProject
Project("{2150E333-8FDC-42A3-9474-1A3956D46DE8}") = "1-Presentaion", "1-Presentaion", "{30B1303D-819A-459D-B210-1B5E1311FEF5}"
EndProject
Project("{9A19103F-16F7-4668-BE54-9A1E7A4F7556}") = "DDDCommerceBCC.API", "API/DDDCommerceBCC.API\DDDCommerceBCC.API.csproj", "{2658BFF7-7DB7-4E34-8EE8-85E7474D7B19}"
EndProject
Project("{9A19103F-16F7-4668-BE54-9A1E7A4F7556}") = "DDDCommerceBCC.Domain", "API/DDDCommerceBCC.Domain\DDDCommerceBCC.Domain.csproj", "{765AAF49-D749-452A-87AF-39B566009A71}"
EndProject
Project("{9A19103F-16F7-4668-BE54-9A1E7A4F7556}") = "DDDCommerceBCC.Infra", "API/DDDCommerceBCC.Infra\DDDCommerceBCC.Infra.csproj", "{430AF129-B73F-464E-9A43-975154631AE6}"
EndProject
Global
	GlobalSection(SolutionConfigurationPlatforms) = preSolution
		Debug|Any CPU = Debug|Any CPU
		Release|Any CPU = Release|Any CPU
	EndGlobalSection
	GlobalSection(ProjectConfigurationPlatforms) = postSolution
		{2658BFF7-7DB7-4E34-8EE8-85E7474D7B19}.Debug|Any CPU.ActiveCfg = Debug|Any CPU
		{2658BFF7-7DB7-4E34-8EE8-85E7474D7B19}.Debug|Any CPU.Build.0 = Debug|Any CPU
		{2658BFF7-7DB7-4E34-8EE8-85E7474D7B19}.Release|Any CPU.ActiveCfg = Release|Any CPU
		{2658BFF7-7DB7-4E34-8EE8-85E7474D7B19}.Release|Any CPU.Build.0 = Release|Any CPU
		{765AAF49-D749-452A-87AF-39B566009A71}.Debug|Any CPU.ActiveCfg = Debug|Any CPU
		{765AAF49-D749-452A-87AF-39B566009A71}.Debug|Any CPU.Build.0 = Debug|Any CPU
		{765AAF49-D749-452A-87AF-39B566009A71}.Release|Any CPU.ActiveCfg = Release|Any CPU
		{765AAF49-D749-452A-87AF-39B566009A71}.Release|Any CPU.Build.0 = Release|Any CPU
		{430AF129-B73F-464E-9A43-975154631AE6}.Debug|Any CPU.ActiveCfg = Debug|Any CPU
		{430AF129-B73F-464E-9A43-975154631AE6}.Debug|Any CPU.Build.0 = Debug|Any CPU
		{430AF129-B73F-464E-9A43-975154631AE6}.Release|Any CPU.ActiveCfg = Release|Any CPU
		{430AF129-B73F-464E-9A43-975154631AE6}.Release|Any CPU.Build.0 = Release|Any CPU
	EndGlobalSection
	GlobalSection(SolutionProperties) = preSolution
		HideSolutionNode = FALSE
	EndGlobalSection
	GlobalSection(NestedProjects) = preSolution
		{2658BFF7-7DB7-4E34-8EE8-85E7474D7B19} = {30B1303D-819A-459D-B210-1B5E1311FEF5}
		{765AAF49-D749-452A-87AF-39B566009A71} = {F0660D91-1FE3-4815-8D40-BC6E9B7024AA}
		{430AF129-B73F-464E-9A43-975154631AE6} = {8BB3BF6E-94F5-4E5E-82F1-1310E08D7940}
	EndGlobalSection
	GlobalSection(ExtensibilityGlobals) = postSolution
		SolutionGuid = {30E4DF33-857F-433A-9262-713F4DF3E02C}
	EndGlobalSection
EndGlobal
